
Microsoft Visual Studio Solution File, Format Version 12.00
Project("{FAE04EC0-301F-11D3-BF4B-00C04F79EFBC}") = "Api", "Api\Api.csproj", "{E0C7C5E3-D6B0-4236-8BB1-86D0ED69043F}"
EndProject
Project("{2150E333-8FDC-42A3-9474-1A3956D46DE8}") = "Solution Items", "Solution Items", "{A8B4DA8D-4438-4D0C-9CA2-255A8907B337}"
	ProjectSection(SolutionItems) = preProject
		compose.yaml = compose.yaml
	EndProjectSection
EndProject
Project("{FAE04EC0-301F-11D3-BF4B-00C04F79EFBC}") = "Domain", "Domain\Domain.csproj", "{9435F8B1-C075-4C0A-9274-C94577C65E39}"
EndProject
Project("{FAE04EC0-301F-11D3-BF4B-00C04F79EFBC}") = "Application", "Application\Application.csproj", "{0700CF60-FE2F-4E14-9F66-34D4A3ED7333}"
EndProject
Project("{FAE04EC0-301F-11D3-BF4B-00C04F79EFBC}") = "Infrastructure", "Infrastructure\Infrastructure.csproj", "{1B69C495-8706-42DC-A3EF-EEECEA8E80EA}"
EndProject
Global
	GlobalSection(SolutionConfigurationPlatforms) = preSolution
		Debug|Any CPU = Debug|Any CPU
		Release|Any CPU = Release|Any CPU
	EndGlobalSection
	GlobalSection(ProjectConfigurationPlatforms) = postSolution
		{E0C7C5E3-D6B0-4236-8BB1-86D0ED69043F}.Debug|Any CPU.ActiveCfg = Debug|Any CPU
		{E0C7C5E3-D6B0-4236-8BB1-86D0ED69043F}.Debug|Any CPU.Build.0 = Debug|Any CPU
		{E0C7C5E3-D6B0-4236-8BB1-86D0ED69043F}.Release|Any CPU.ActiveCfg = Release|Any CPU
		{E0C7C5E3-D6B0-4236-8BB1-86D0ED69043F}.Release|Any CPU.Build.0 = Release|Any CPU
		{9435F8B1-C075-4C0A-9274-C94577C65E39}.Debug|Any CPU.ActiveCfg = Debug|Any CPU
		{9435F8B1-C075-4C0A-9274-C94577C65E39}.Debug|Any CPU.Build.0 = Debug|Any CPU
		{9435F8B1-C075-4C0A-9274-C94577C65E39}.Release|Any CPU.ActiveCfg = Release|Any CPU
		{9435F8B1-C075-4C0A-9274-C94577C65E39}.Release|Any CPU.Build.0 = Release|Any CPU
		{0700CF60-FE2F-4E14-9F66-34D4A3ED7333}.Debug|Any CPU.ActiveCfg = Debug|Any CPU
		{0700CF60-FE2F-4E14-9F66-34D4A3ED7333}.Debug|Any CPU.Build.0 = Debug|Any CPU
		{0700CF60-FE2F-4E14-9F66-34D4A3ED7333}.Release|Any CPU.ActiveCfg = Release|Any CPU
		{0700CF60-FE2F-4E14-9F66-34D4A3ED7333}.Release|Any CPU.Build.0 = Release|Any CPU
		{1B69C495-8706-42DC-A3EF-EEECEA8E80EA}.Debug|Any CPU.ActiveCfg = Debug|Any CPU
		{1B69C495-8706-42DC-A3EF-EEECEA8E80EA}.Debug|Any CPU.Build.0 = Debug|Any CPU
		{1B69C495-8706-42DC-A3EF-EEECEA8E80EA}.Release|Any CPU.ActiveCfg = Release|Any CPU
		{1B69C495-8706-42DC-A3EF-EEECEA8E80EA}.Release|Any CPU.Build.0 = Release|Any CPU
	EndGlobalSection
EndGlobal
